
Microsoft Visual Studio Solution File, Format Version 12.00
# Visual Studio Version 17
VisualStudioVersion = 17.12.35527.113
MinimumVisualStudioVersion = 10.0.40219.1
Project("{9A19103F-16F7-4668-BE54-9A1E7A4F7556}") = "MicroservicioChoferes", "MicroservicioChoferes.csproj", "{09FF9F7C-D462-4ADF-AAD5-11F63EFB66D4}"
EndProject
Project("{9A19103F-16F7-4668-BE54-9A1E7A4F7556}") = "MicroservicioAutenticacion", "..\MicroservicioAutenticacion\MicroservicioAutenticacion.csproj", "{2502F1D0-4EAA-426B-83C2-AFC4785E99D3}"
EndProject
Project("{9A19103F-16F7-4668-BE54-9A1E7A4F7556}") = "ApiGateway", "..\ApiGateway\ApiGateway.csproj", "{936C92E8-BC6B-4617-B597-7699775D2712}"
EndProject
Global
	GlobalSection(SolutionConfigurationPlatforms) = preSolution
		Debug|Any CPU = Debug|Any CPU
		Release|Any CPU = Release|Any CPU
	EndGlobalSection
	GlobalSection(ProjectConfigurationPlatforms) = postSolution
		{09FF9F7C-D462-4ADF-AAD5-11F63EFB66D4}.Debug|Any CPU.ActiveCfg = Debug|Any CPU
		{09FF9F7C-D462-4ADF-AAD5-11F63EFB66D4}.Debug|Any CPU.Build.0 = Debug|Any CPU
		{09FF9F7C-D462-4ADF-AAD5-11F63EFB66D4}.Release|Any CPU.ActiveCfg = Release|Any CPU
		{09FF9F7C-D462-4ADF-AAD5-11F63EFB66D4}.Release|Any CPU.Build.0 = Release|Any CPU
		{2502F1D0-4EAA-426B-83C2-AFC4785E99D3}.Debug|Any CPU.ActiveCfg = Debug|Any CPU
		{2502F1D0-4EAA-426B-83C2-AFC4785E99D3}.Debug|Any CPU.Build.0 = Debug|Any CPU
		{2502F1D0-4EAA-426B-83C2-AFC4785E99D3}.Release|Any CPU.ActiveCfg = Release|Any CPU
		{2502F1D0-4EAA-426B-83C2-AFC4785E99D3}.Release|Any CPU.Build.0 = Release|Any CPU
		{936C92E8-BC6B-4617-B597-7699775D2712}.Debug|Any CPU.ActiveCfg = Debug|Any CPU
		{936C92E8-BC6B-4617-B597-7699775D2712}.Debug|Any CPU.Build.0 = Debug|Any CPU
		{936C92E8-BC6B-4617-B597-7699775D2712}.Release|Any CPU.ActiveCfg = Release|Any CPU
		{936C92E8-BC6B-4617-B597-7699775D2712}.Release|Any CPU.Build.0 = Release|Any CPU
	EndGlobalSection
	GlobalSection(SolutionProperties) = preSolution
		HideSolutionNode = FALSE
	EndGlobalSection
	GlobalSection(ExtensibilityGlobals) = postSolution
		SolutionGuid = {B607ED8F-C0FE-4D6A-B36B-FEC74D729AF0}
	EndGlobalSection
EndGlobal
